
Microsoft Visual Studio Solution File, Format Version 12.00
# Visual Studio Version 16
VisualStudioVersion = 16.0.30413.136
MinimumVisualStudioVersion = 10.0.40219.1
Project("{8BC9CEB8-8B4A-11D0-8D11-00A0C91BC942}") = "CPP201x_asm4_anntfx01682@funix.edu.vn", "CPP201x_asm4_anntfx01682@funix.edu.vn\CPP201x_asm4_anntfx01682@funix.edu.vn.vcxproj", "{BE0E5D8A-6F65-4441-88A2-86BD4BA858F0}"
EndProject
Global
	GlobalSection(SolutionConfigurationPlatforms) = preSolution
		Debug|x64 = Debug|x64
		Debug|x86 = Debug|x86
		Release|x64 = Release|x64
		Release|x86 = Release|x86
	EndGlobalSection
	GlobalSection(ProjectConfigurationPlatforms) = postSolution
		{BE0E5D8A-6F65-4441-88A2-86BD4BA858F0}.Debug|x64.ActiveCfg = Debug|x64
		{BE0E5D8A-6F65-4441-88A2-86BD4BA858F0}.Debug|x64.Build.0 = Debug|x64
		{BE0E5D8A-6F65-4441-88A2-86BD4BA858F0}.Debug|x86.ActiveCfg = Debug|Win32
		{BE0E5D8A-6F65-4441-88A2-86BD4BA858F0}.Debug|x86.Build.0 = Debug|Win32
		{BE0E5D8A-6F65-4441-88A2-86BD4BA858F0}.Release|x64.ActiveCfg = Release|x64
		{BE0E5D8A-6F65-4441-88A2-86BD4BA858F0}.Release|x64.Build.0 = Release|x64
		{BE0E5D8A-6F65-4441-88A2-86BD4BA858F0}.Release|x86.ActiveCfg = Release|Win32
		{BE0E5D8A-6F65-4441-88A2-86BD4BA858F0}.Release|x86.Build.0 = Release|Win32
	EndGlobalSection
	GlobalSection(SolutionProperties) = preSolution
		HideSolutionNode = FALSE
	EndGlobalSection
	GlobalSection(ExtensibilityGlobals) = postSolution
		SolutionGuid = {C023FDD6-ADC3-4AB9-8744-E61FD025430F}
	EndGlobalSection
EndGlobal
